{
  "name": "shopinka",
  "lockfileVersion": 3,
  "requires": true,
  "packages": {
    "": {
      "dependencies": {
        "@types/nouislider": "^9.0.10",
        "nouislider": "^15.8.1"
      }
    },
    "node_modules/@types/nouislider": {
      "version": "9.0.10",
      "resolved": "https://registry.npmjs.org/@types/nouislider/-/nouislider-9.0.10.tgz",
      "integrity": "sha512-aQ7U5oQ/h/joc93kwJvpGpGOkWGRg6doDvFyU9Do+K2JwwQnhAAcfnT9mMN1fgHAlnKLlyWTWRGs90B6FL0l4w==",
      "license": "MIT",
      "dependencies": {
        "@types/wnumb": "*"
      }
    },
    "node_modules/@types/wnumb": {
      "version": "1.2.3",
      "resolved": "https://registry.npmjs.org/@types/wnumb/-/wnumb-1.2.3.tgz",
      "integrity": "sha512-lrjqtKxZuZAx5f+Ulee3Rh6wWmM02fQVJFiDPgVwcC5LomNIaYD1ZmDGrzUbPg1LuORD72qeBajU5jN66Jjtag==",
      "license": "MIT"
    },
    "node_modules/nouislider": {
      "version": "15.8.1",
      "resolved": "https://registry.npmjs.org/nouislider/-/nouislider-15.8.1.tgz",
      "integrity": "sha512-93TweAi8kqntHJSPiSWQ1o/uZ29VWOmal9YKb6KKGGlCkugaNfAupT7o1qTHqdJvNQ7S0su5rO6qRFCjP8fxtw==",
      "license": "MIT"
    }
  }
}
