lockfileVersion: '9.0'

settings:
  autoInstallPeers: true
  excludeLinksFromLockfile: false

importers:

  .:
    dependencies:
      '@rc-component/color-picker':
        specifier: ^3.0.1
        version: 3.0.1(react-dom@19.1.0(react@19.1.0))(react@19.1.0)

packages:

  '@ant-design/fast-color@3.0.0':
    resolution: {integrity: sha512-eqvpP7xEDm2S7dUzl5srEQCBTXZMmY3ekf97zI+M2DHOYyKdJGH0qua0JACHTqbkRnD/KHFQP9J1uMJ/XWVzzA==}
    engines: {node: '>=8.x'}

  '@rc-component/color-picker@3.0.1':
    resolution: {integrity: sha512-QjMEgBHAnqLyio/OWK2Mqyx4nWcixMUHUE3Rs6dPytirJlfdFg45XWDMi8lQqHQKmWRE8CbrI2D5RKgvMkKJdQ==}
    peerDependencies:
      react: '>=16.9.0'
      react-dom: '>=16.9.0'

  '@rc-component/util@1.2.1':
    resolution: {integrity: sha512-AUVu6jO+lWjQnUOOECwu8iR0EdElQgWW5NBv5vP/Uf9dWbAX3udhMutRlkVXjuac2E40ghkFy+ve00mc/3Fymg==}
    peerDependencies:
      react: '>=18.0.0'
      react-dom: '>=18.0.0'

  classnames@2.5.1:
    resolution: {integrity: sha512-saHYOzhIQs6wy2sVxTM6bUDsQO4F50V9RQ22qBpEdCW+I+/Wmke2HOl6lS6dTpdxVhb88/I6+Hs+438c3lfUow==}

  react-dom@19.1.0:
    resolution: {integrity: sha512-Xs1hdnE+DyKgeHJeJznQmYMIBG3TKIHJJT95Q58nHLSrElKlGQqDTR2HQ9fx5CN/Gk6Vh/kupBTDLU11/nDk/g==}
    peerDependencies:
      react: ^19.1.0

  react-is@18.3.1:
    resolution: {integrity: sha512-/LLMVyas0ljjAtoYiPqYiL8VWXzUUdThrmU5+n20DZv+a+ClRoevUzw5JxU+Ieh5/c87ytoTBV9G1FiKfNJdmg==}

  react@19.1.0:
    resolution: {integrity: sha512-FS+XFBNvn3GTAWq26joslQgWNoFu08F4kl0J4CgdNKADkdSGXQyTCnKteIAJy96Br6YbpEU1LSzV5dYtjMkMDg==}
    engines: {node: '>=0.10.0'}

  scheduler@0.26.0:
    resolution: {integrity: sha512-NlHwttCI/l5gCPR3D1nNXtWABUmBwvZpEQiD4IXSbIDq8BzLIK/7Ir5gTFSGZDUu37K5cMNp0hFtzO38sC7gWA==}

snapshots:

  '@ant-design/fast-color@3.0.0': {}

  '@rc-component/color-picker@3.0.1(react-dom@19.1.0(react@19.1.0))(react@19.1.0)':
    dependencies:
      '@ant-design/fast-color': 3.0.0
      '@rc-component/util': 1.2.1(react-dom@19.1.0(react@19.1.0))(react@19.1.0)
      classnames: 2.5.1
      react: 19.1.0
      react-dom: 19.1.0(react@19.1.0)

  '@rc-component/util@1.2.1(react-dom@19.1.0(react@19.1.0))(react@19.1.0)':
    dependencies:
      react: 19.1.0
      react-dom: 19.1.0(react@19.1.0)
      react-is: 18.3.1

  classnames@2.5.1: {}

  react-dom@19.1.0(react@19.1.0):
    dependencies:
      react: 19.1.0
      scheduler: 0.26.0

  react-is@18.3.1: {}

  react@19.1.0: {}

  scheduler@0.26.0: {}
